// !$*UTF8*$!
{
	archiveVersion = 1;
	classes = {
	};
	objectVersion = 55;
	objects = {

/* Begin PBXBuildFile section */
		645C0A2D2807762D00405842 /* AppDelegate.swift in Sources */ = {isa = PBXBuildFile; fileRef = 645C0A2C2807762D00405842 /* AppDelegate.swift */; };
		645C0A2F2807762D00405842 /* SceneDelegate.swift in Sources */ = {isa = PBXBuildFile; fileRef = 645C0A2E2807762D00405842 /* SceneDelegate.swift */; };
		645C0A312807762D00405842 /* AgeVerifyViewController.swift in Sources */ = {isa = PBXBuildFile; fileRef = 645C0A302807762D00405842 /* AgeVerifyViewController.swift */; };
		645C0A342807762D00405842 /* Main.storyboard in Resources */ = {isa = PBXBuildFile; fileRef = 645C0A322807762D00405842 /* Main.storyboard */; };
		645C0A362807763500405842 /* Assets.xcassets in Resources */ = {isa = PBXBuildFile; fileRef = 645C0A352807763500405842 /* Assets.xcassets */; };
		645C0A392807763500405842 /* LaunchScreen.storyboard in Resources */ = {isa = PBXBuildFile; fileRef = 645C0A372807763500405842 /* LaunchScreen.storyboard */; };
		645C0A412807859300405842 /* RejectionViewController.swift in Sources */ = {isa = PBXBuildFile; fileRef = 645C0A402807859300405842 /* RejectionViewController.swift */; };
		645C0A4328078AE000405842 /* HomeViewController.swift in Sources */ = {isa = PBXBuildFile; fileRef = 645C0A4228078AE000405842 /* HomeViewController.swift */; };
		64B4BC15280F9B3400432EC6 /* DetailsViewController.swift in Sources */ = {isa = PBXBuildFile; fileRef = 64B4BC14280F9B3400432EC6 /* DetailsViewController.swift */; };
		64B4BC172813A3B300432EC6 /* GoogleService-Info.plist in Resources */ = {isa = PBXBuildFile; fileRef = 64B4BC162813A3B300432EC6 /* GoogleService-Info.plist */; };
		64B4BC1A2813A82600432EC6 /* FirebaseAuth in Frameworks */ = {isa = PBXBuildFile; productRef = 64B4BC192813A82600432EC6 /* FirebaseAuth */; };
		64B4BC1C2813A82600432EC6 /* FirebaseStorage in Frameworks */ = {isa = PBXBuildFile; productRef = 64B4BC1B2813A82600432EC6 /* FirebaseStorage */; };
		64B4BC1E2814EBCF00432EC6 /* SignUpViewController.swift in Sources */ = {isa = PBXBuildFile; fileRef = 64B4BC1D2814EBCF00432EC6 /* SignUpViewController.swift */; };
		64B4BC202814EBE600432EC6 /* LogInViewController.swift in Sources */ = {isa = PBXBuildFile; fileRef = 64B4BC1F2814EBE600432EC6 /* LogInViewController.swift */; };
		64B4BC222814F12100432EC6 /* ViewController.swift in Sources */ = {isa = PBXBuildFile; fileRef = 64B4BC212814F12100432EC6 /* ViewController.swift */; };
		64B4BC28281501DB00432EC6 /* Utilities.swift in Sources */ = {isa = PBXBuildFile; fileRef = 64B4BC27281501DB00432EC6 /* Utilities.swift */; };
		64B4BC2B2815254D00432EC6 /* Constant.swift in Sources */ = {isa = PBXBuildFile; fileRef = 64B4BC2A2815254D00432EC6 /* Constant.swift */; };
		64B4BC2D28164A6300432EC6 /* UserDefaults.swift in Sources */ = {isa = PBXBuildFile; fileRef = 64B4BC2C28164A6300432EC6 /* UserDefaults.swift */; };
		64B4BC2F2817847300432EC6 /* SearchViewController.swift in Sources */ = {isa = PBXBuildFile; fileRef = 64B4BC2E2817847300432EC6 /* SearchViewController.swift */; };
		64B4BC312817873000432EC6 /* ProfileViewController.swift in Sources */ = {isa = PBXBuildFile; fileRef = 64B4BC302817873000432EC6 /* ProfileViewController.swift */; };
		64F30D5F280CE0C100171AE6 /* Strains.json in Resources */ = {isa = PBXBuildFile; fileRef = 64F30D5E280CE0C100171AE6 /* Strains.json */; };
		64F30D61280D042100171AE6 /* Strains.swift in Sources */ = {isa = PBXBuildFile; fileRef = 64F30D60280D042100171AE6 /* Strains.swift */; };
		64F30D63280D0D3300171AE6 /* CollectionViewCell.swift in Sources */ = {isa = PBXBuildFile; fileRef = 64F30D62280D0D3300171AE6 /* CollectionViewCell.swift */; };
/* End PBXBuildFile section */

/* Begin PBXFileReference section */
		645C0A292807762D00405842 /* MitchellAntoine_DankTank.app */ = {isa = PBXFileReference; explicitFileType = wrapper.application; includeInIndex = 0; path = MitchellAntoine_DankTank.app; sourceTree = BUILT_PRODUCTS_DIR; };
		645C0A2C2807762D00405842 /* AppDelegate.swift */ = {isa = PBXFileReference; lastKnownFileType = sourcecode.swift; path = AppDelegate.swift; sourceTree = "<group>"; };
		645C0A2E2807762D00405842 /* SceneDelegate.swift */ = {isa = PBXFileReference; lastKnownFileType = sourcecode.swift; path = SceneDelegate.swift; sourceTree = "<group>"; };
		645C0A302807762D00405842 /* AgeVerifyViewController.swift */ = {isa = PBXFileReference; lastKnownFileType = sourcecode.swift; path = AgeVerifyViewController.swift; sourceTree = "<group>"; };
		645C0A332807762D00405842 /* Base */ = {isa = PBXFileReference; lastKnownFileType = file.storyboard; name = Base; path = Base.lproj/Main.storyboard; sourceTree = "<group>"; };
		645C0A352807763500405842 /* Assets.xcassets */ = {isa = PBXFileReference; lastKnownFileType = folder.assetcatalog; path = Assets.xcassets; sourceTree = "<group>"; };
		645C0A382807763500405842 /* Base */ = {isa = PBXFileReference; lastKnownFileType = file.storyboard; name = Base; path = Base.lproj/LaunchScreen.storyboard; sourceTree = "<group>"; };
		645C0A3A2807763500405842 /* Info.plist */ = {isa = PBXFileReference; lastKnownFileType = text.plist.xml; path = Info.plist; sourceTree = "<group>"; };
		645C0A402807859300405842 /* RejectionViewController.swift */ = {isa = PBXFileReference; lastKnownFileType = sourcecode.swift; path = RejectionViewController.swift; sourceTree = "<group>"; };
		645C0A4228078AE000405842 /* HomeViewController.swift */ = {isa = PBXFileReference; lastKnownFileType = sourcecode.swift; path = HomeViewController.swift; sourceTree = "<group>"; };
		64B4BC14280F9B3400432EC6 /* DetailsViewController.swift */ = {isa = PBXFileReference; lastKnownFileType = sourcecode.swift; path = DetailsViewController.swift; sourceTree = "<group>"; };
		64B4BC162813A3B300432EC6 /* GoogleService-Info.plist */ = {isa = PBXFileReference; fileEncoding = 4; lastKnownFileType = text.plist.xml; path = "GoogleService-Info.plist"; sourceTree = "<group>"; };
		64B4BC1D2814EBCF00432EC6 /* SignUpViewController.swift */ = {isa = PBXFileReference; lastKnownFileType = sourcecode.swift; path = SignUpViewController.swift; sourceTree = "<group>"; };
		64B4BC1F2814EBE600432EC6 /* LogInViewController.swift */ = {isa = PBXFileReference; lastKnownFileType = sourcecode.swift; path = LogInViewController.swift; sourceTree = "<group>"; };
		64B4BC212814F12100432EC6 /* ViewController.swift */ = {isa = PBXFileReference; lastKnownFileType = sourcecode.swift; path = ViewController.swift; sourceTree = "<group>"; };
		64B4BC27281501DB00432EC6 /* Utilities.swift */ = {isa = PBXFileReference; fileEncoding = 4; lastKnownFileType = sourcecode.swift; path = Utilities.swift; sourceTree = "<group>"; };
		64B4BC2A2815254D00432EC6 /* Constant.swift */ = {isa = PBXFileReference; lastKnownFileType = sourcecode.swift; path = Constant.swift; sourceTree = "<group>"; };
		64B4BC2C28164A6300432EC6 /* UserDefaults.swift */ = {isa = PBXFileReference; lastKnownFileType = sourcecode.swift; path = UserDefaults.swift; sourceTree = "<group>"; };
		64B4BC2E2817847300432EC6 /* SearchViewController.swift */ = {isa = PBXFileReference; lastKnownFileType = sourcecode.swift; path = SearchViewController.swift; sourceTree = "<group>"; };
		64B4BC302817873000432EC6 /* ProfileViewController.swift */ = {isa = PBXFileReference; lastKnownFileType = sourcecode.swift; path = ProfileViewController.swift; sourceTree = "<group>"; };
		64F30D5E280CE0C100171AE6 /* Strains.json */ = {isa = PBXFileReference; fileEncoding = 4; lastKnownFileType = text.json; path = Strains.json; sourceTree = "<group>"; };
		64F30D60280D042100171AE6 /* Strains.swift */ = {isa = PBXFileReference; lastKnownFileType = sourcecode.swift; path = Strains.swift; sourceTree = "<group>"; };
		64F30D62280D0D3300171AE6 /* CollectionViewCell.swift */ = {isa = PBXFileReference; lastKnownFileType = sourcecode.swift; path = CollectionViewCell.swift; sourceTree = "<group>"; };
/* End PBXFileReference section */

/* Begin PBXFrameworksBuildPhase section */
		645C0A262807762D00405842 /* Frameworks */ = {
			isa = PBXFrameworksBuildPhase;
			buildActionMask = 2147483647;
			files = (
				64B4BC1A2813A82600432EC6 /* FirebaseAuth in Frameworks */,
				64B4BC1C2813A82600432EC6 /* FirebaseStorage in Frameworks */,
			);
			runOnlyForDeploymentPostprocessing = 0;
		};
/* End PBXFrameworksBuildPhase section */

/* Begin PBXGroup section */
		645C0A202807762D00405842 = {
			isa = PBXGroup;
			children = (
				645C0A2B2807762D00405842 /* MitchellAntoine_DankTank */,
				645C0A2A2807762D00405842 /* Products */,
			);
			sourceTree = "<group>";
		};
		645C0A2A2807762D00405842 /* Products */ = {
			isa = PBXGroup;
			children = (
				645C0A292807762D00405842 /* MitchellAntoine_DankTank.app */,
			);
			name = Products;
			sourceTree = "<group>";
		};
		645C0A2B2807762D00405842 /* MitchellAntoine_DankTank */ = {
			isa = PBXGroup;
			children = (
				645C0A2C2807762D00405842 /* AppDelegate.swift */,
				645C0A2E2807762D00405842 /* SceneDelegate.swift */,
				64B4BC29281502EA00432EC6 /* Helpers */,
				64B4BC232814F15900432EC6 /* ViewControllers */,
				64F30D62280D0D3300171AE6 /* CollectionViewCell.swift */,
				64B4BC2C28164A6300432EC6 /* UserDefaults.swift */,
				64F30D60280D042100171AE6 /* Strains.swift */,
				64F30D5E280CE0C100171AE6 /* Strains.json */,
				645C0A322807762D00405842 /* Main.storyboard */,
				645C0A352807763500405842 /* Assets.xcassets */,
				645C0A372807763500405842 /* LaunchScreen.storyboard */,
				645C0A3A2807763500405842 /* Info.plist */,
				64B4BC162813A3B300432EC6 /* GoogleService-Info.plist */,
			);
			path = MitchellAntoine_DankTank;
			sourceTree = "<group>";
		};
		64B4BC232814F15900432EC6 /* ViewControllers */ = {
			isa = PBXGroup;
			children = (
				64B4BC212814F12100432EC6 /* ViewController.swift */,
				64B4BC1D2814EBCF00432EC6 /* SignUpViewController.swift */,
				64B4BC1F2814EBE600432EC6 /* LogInViewController.swift */,
				64B4BC302817873000432EC6 /* ProfileViewController.swift */,
				64B4BC2E2817847300432EC6 /* SearchViewController.swift */,
				645C0A4228078AE000405842 /* HomeViewController.swift */,
				64B4BC14280F9B3400432EC6 /* DetailsViewController.swift */,
				645C0A302807762D00405842 /* AgeVerifyViewController.swift */,
				645C0A402807859300405842 /* RejectionViewController.swift */,
			);
			name = ViewControllers;
			sourceTree = "<group>";
		};
		64B4BC29281502EA00432EC6 /* Helpers */ = {
			isa = PBXGroup;
			children = (
				64B4BC27281501DB00432EC6 /* Utilities.swift */,
				64B4BC2A2815254D00432EC6 /* Constant.swift */,
			);
			path = Helpers;
			sourceTree = "<group>";
		};
/* End PBXGroup section */

/* Begin PBXNativeTarget section */
		645C0A282807762D00405842 /* MitchellAntoine_DankTank */ = {
			isa = PBXNativeTarget;
			buildConfigurationList = 645C0A3D2807763500405842 /* Build configuration list for PBXNativeTarget "MitchellAntoine_DankTank" */;
			buildPhases = (
				645C0A252807762D00405842 /* Sources */,
				645C0A262807762D00405842 /* Frameworks */,
				645C0A272807762D00405842 /* Resources */,
			);
			buildRules = (
			);
			dependencies = (
			);
			name = MitchellAntoine_DankTank;
			packageProductDependencies = (
				64B4BC192813A82600432EC6 /* FirebaseAuth */,
				64B4BC1B2813A82600432EC6 /* FirebaseStorage */,
			);
			productName = MitchellAntoine_DankTank;
			productReference = 645C0A292807762D00405842 /* MitchellAntoine_DankTank.app */;
			productType = "com.apple.product-type.application";
		};
/* End PBXNativeTarget section */

/* Begin PBXProject section */
		645C0A212807762D00405842 /* Project object */ = {
			isa = PBXProject;
			attributes = {
				BuildIndependentTargetsInParallel = 1;
				LastSwiftUpdateCheck = 1310;
				LastUpgradeCheck = 1310;
				TargetAttributes = {
					645C0A282807762D00405842 = {
						CreatedOnToolsVersion = 13.1;
					};
				};
			};
			buildConfigurationList = 645C0A242807762D00405842 /* Build configuration list for PBXProject "MitchellAntoine_DankTank" */;
			compatibilityVersion = "Xcode 13.0";
			developmentRegion = en;
			hasScannedForEncodings = 0;
			knownRegions = (
				en,
				Base,
			);
			mainGroup = 645C0A202807762D00405842;
			packageReferences = (
				64B4BC182813A82600432EC6 /* XCRemoteSwiftPackageReference "firebase-ios-sdk" */,
			);
			productRefGroup = 645C0A2A2807762D00405842 /* Products */;
			projectDirPath = "";
			projectRoot = "";
			targets = (
				645C0A282807762D00405842 /* MitchellAntoine_DankTank */,
			);
		};
/* End PBXProject section */

/* Begin PBXResourcesBuildPhase section */
		645C0A272807762D00405842 /* Resources */ = {
			isa = PBXResourcesBuildPhase;
			buildActionMask = 2147483647;
			files = (
				64F30D5F280CE0C100171AE6 /* Strains.json in Resources */,
				645C0A392807763500405842 /* LaunchScreen.storyboard in Resources */,
				64B4BC172813A3B300432EC6 /* GoogleService-Info.plist in Resources */,
				645C0A362807763500405842 /* Assets.xcassets in Resources */,
				645C0A342807762D00405842 /* Main.storyboard in Resources */,
			);
			runOnlyForDeploymentPostprocessing = 0;
		};
/* End PBXResourcesBuildPhase section */

/* Begin PBXSourcesBuildPhase section */
		645C0A252807762D00405842 /* Sources */ = {
			isa = PBXSourcesBuildPhase;
			buildActionMask = 2147483647;
			files = (
				64B4BC2F2817847300432EC6 /* SearchViewController.swift in Sources */,
				64F30D61280D042100171AE6 /* Strains.swift in Sources */,
				645C0A4328078AE000405842 /* HomeViewController.swift in Sources */,
				645C0A312807762D00405842 /* AgeVerifyViewController.swift in Sources */,
				64B4BC15280F9B3400432EC6 /* DetailsViewController.swift in Sources */,
				64B4BC222814F12100432EC6 /* ViewController.swift in Sources */,
				64B4BC312817873000432EC6 /* ProfileViewController.swift in Sources */,
				64F30D63280D0D3300171AE6 /* CollectionViewCell.swift in Sources */,
				64B4BC28281501DB00432EC6 /* Utilities.swift in Sources */,
				645C0A2D2807762D00405842 /* AppDelegate.swift in Sources */,
				64B4BC1E2814EBCF00432EC6 /* SignUpViewController.swift in Sources */,
				645C0A412807859300405842 /* RejectionViewController.swift in Sources */,
				64B4BC202814EBE600432EC6 /* LogInViewController.swift in Sources */,
				645C0A2F2807762D00405842 /* SceneDelegate.swift in Sources */,
				64B4BC2D28164A6300432EC6 /* UserDefaults.swift in Sources */,
				64B4BC2B2815254D00432EC6 /* Constant.swift in Sources */,
			);
			runOnlyForDeploymentPostprocessing = 0;
		};
/* End PBXSourcesBuildPhase section */

/* Begin PBXVariantGroup section */
		645C0A322807762D00405842 /* Main.storyboard */ = {
			isa = PBXVariantGroup;
			children = (
				645C0A332807762D00405842 /* Base */,
			);
			name = Main.storyboard;
			sourceTree = "<group>";
		};
		645C0A372807763500405842 /* LaunchScreen.storyboard */ = {
			isa = PBXVariantGroup;
			children = (
				645C0A382807763500405842 /* Base */,
			);
			name = LaunchScreen.storyboard;
			sourceTree = "<group>";
		};
/* End PBXVariantGroup section */

/* Begin XCBuildConfiguration section */
		645C0A3B2807763500405842 /* Debug */ = {
			isa = XCBuildConfiguration;
			buildSettings = {
				ALWAYS_SEARCH_USER_PATHS = NO;
				CLANG_ANALYZER_NONNULL = YES;
				CLANG_ANALYZER_NUMBER_OBJECT_CONVERSION = YES_AGGRESSIVE;
				CLANG_CXX_LANGUAGE_STANDARD = "gnu++17";
				CLANG_CXX_LIBRARY = "libc++";
				CLANG_ENABLE_MODULES = YES;
				CLANG_ENABLE_OBJC_ARC = YES;
				CLANG_ENABLE_OBJC_WEAK = YES;
				CLANG_WARN_BLOCK_CAPTURE_AUTORELEASING = YES;
				CLANG_WARN_BOOL_CONVERSION = YES;
				CLANG_WARN_COMMA = YES;
				CLANG_WARN_CONSTANT_CONVERSION = YES;
				CLANG_WARN_DEPRECATED_OBJC_IMPLEMENTATIONS = YES;
				CLANG_WARN_DIRECT_OBJC_ISA_USAGE = YES_ERROR;
				CLANG_WARN_DOCUMENTATION_COMMENTS = YES;
				CLANG_WARN_EMPTY_BODY = YES;
				CLANG_WARN_ENUM_CONVERSION = YES;
				CLANG_WARN_INFINITE_RECURSION = YES;
				CLANG_WARN_INT_CONVERSION = YES;
				CLANG_WARN_NON_LITERAL_NULL_CONVERSION = YES;
				CLANG_WARN_OBJC_IMPLICIT_RETAIN_SELF = YES;
				CLANG_WARN_OBJC_LITERAL_CONVERSION = YES;
				CLANG_WARN_OBJC_ROOT_CLASS = YES_ERROR;
				CLANG_WARN_QUOTED_INCLUDE_IN_FRAMEWORK_HEADER = YES;
				CLANG_WARN_RANGE_LOOP_ANALYSIS = YES;
				CLANG_WARN_STRICT_PROTOTYPES = YES;
				CLANG_WARN_SUSPICIOUS_MOVE = YES;
				CLANG_WARN_UNGUARDED_AVAILABILITY = YES_AGGRESSIVE;
				CLANG_WARN_UNREACHABLE_CODE = YES;
				CLANG_WARN__DUPLICATE_METHOD_MATCH = YES;
				COPY_PHASE_STRIP = NO;
				DEBUG_INFORMATION_FORMAT = dwarf;
				ENABLE_STRICT_OBJC_MSGSEND = YES;
				ENABLE_TESTABILITY = YES;
				GCC_C_LANGUAGE_STANDARD = gnu11;
				GCC_DYNAMIC_NO_PIC = NO;
				GCC_NO_COMMON_BLOCKS = YES;
				GCC_OPTIMIZATION_LEVEL = 0;
				GCC_PREPROCESSOR_DEFINITIONS = (
					"DEBUG=1",
					"$(inherited)",
				);
				GCC_WARN_64_TO_32_BIT_CONVERSION = YES;
				GCC_WARN_ABOUT_RETURN_TYPE = YES_ERROR;
				GCC_WARN_UNDECLARED_SELECTOR = YES;
				GCC_WARN_UNINITIALIZED_AUTOS = YES_AGGRESSIVE;
				GCC_WARN_UNUSED_FUNCTION = YES;
				GCC_WARN_UNUSED_VARIABLE = YES;
				IPHONEOS_DEPLOYMENT_TARGET = 15.0;
				MTL_ENABLE_DEBUG_INFO = INCLUDE_SOURCE;
				MTL_FAST_MATH = YES;
				ONLY_ACTIVE_ARCH = YES;
				SDKROOT = iphoneos;
				SWIFT_ACTIVE_COMPILATION_CONDITIONS = DEBUG;
				SWIFT_OPTIMIZATION_LEVEL = "-Onone";
			};
			name = Debug;
		};
		645C0A3C2807763500405842 /* Release */ = {
			isa = XCBuildConfiguration;
			buildSettings = {
				ALWAYS_SEARCH_USER_PATHS = NO;
				CLANG_ANALYZER_NONNULL = YES;
				CLANG_ANALYZER_NUMBER_OBJECT_CONVERSION = YES_AGGRESSIVE;
				CLANG_CXX_LANGUAGE_STANDARD = "gnu++17";
				CLANG_CXX_LIBRARY = "libc++";
				CLANG_ENABLE_MODULES = YES;
				CLANG_ENABLE_OBJC_ARC = YES;
				CLANG_ENABLE_OBJC_WEAK = YES;
				CLANG_WARN_BLOCK_CAPTURE_AUTORELEASING = YES;
				CLANG_WARN_BOOL_CONVERSION = YES;
				CLANG_WARN_COMMA = YES;
				CLANG_WARN_CONSTANT_CONVERSION = YES;
				CLANG_WARN_DEPRECATED_OBJC_IMPLEMENTATIONS = YES;
				CLANG_WARN_DIRECT_OBJC_ISA_USAGE = YES_ERROR;
				CLANG_WARN_DOCUMENTATION_COMMENTS = YES;
				CLANG_WARN_EMPTY_BODY = YES;
				CLANG_WARN_ENUM_CONVERSION = YES;
				CLANG_WARN_INFINITE_RECURSION = YES;
				CLANG_WARN_INT_CONVERSION = YES;
				CLANG_WARN_NON_LITERAL_NULL_CONVERSION = YES;
				CLANG_WARN_OBJC_IMPLICIT_RETAIN_SELF = YES;
				CLANG_WARN_OBJC_LITERAL_CONVERSION = YES;
				CLANG_WARN_OBJC_ROOT_CLASS = YES_ERROR;
				CLANG_WARN_QUOTED_INCLUDE_IN_FRAMEWORK_HEADER = YES;
				CLANG_WARN_RANGE_LOOP_ANALYSIS = YES;
				CLANG_WARN_STRICT_PROTOTYPES = YES;
				CLANG_WARN_SUSPICIOUS_MOVE = YES;
				CLANG_WARN_UNGUARDED_AVAILABILITY = YES_AGGRESSIVE;
				CLANG_WARN_UNREACHABLE_CODE = YES;
				CLANG_WARN__DUPLICATE_METHOD_MATCH = YES;
				COPY_PHASE_STRIP = NO;
				DEBUG_INFORMATION_FORMAT = "dwarf-with-dsym";
				ENABLE_NS_ASSERTIONS = NO;
				ENABLE_STRICT_OBJC_MSGSEND = YES;
				GCC_C_LANGUAGE_STANDARD = gnu11;
				GCC_NO_COMMON_BLOCKS = YES;
				GCC_WARN_64_TO_32_BIT_CONVERSION = YES;
				GCC_WARN_ABOUT_RETURN_TYPE = YES_ERROR;
				GCC_WARN_UNDECLARED_SELECTOR = YES;
				GCC_WARN_UNINITIALIZED_AUTOS = YES_AGGRESSIVE;
				GCC_WARN_UNUSED_FUNCTION = YES;
				GCC_WARN_UNUSED_VARIABLE = YES;
				IPHONEOS_DEPLOYMENT_TARGET = 15.0;
				MTL_ENABLE_DEBUG_INFO = NO;
				MTL_FAST_MATH = YES;
				SDKROOT = iphoneos;
				SWIFT_COMPILATION_MODE = wholemodule;
				SWIFT_OPTIMIZATION_LEVEL = "-O";
				VALIDATE_PRODUCT = YES;
			};
			name = Release;
		};
		645C0A3E2807763500405842 /* Debug */ = {
			isa = XCBuildConfiguration;
			buildSettings = {
				ASSETCATALOG_COMPILER_APPICON_NAME = AppIcon;
				ASSETCATALOG_COMPILER_GLOBAL_ACCENT_COLOR_NAME = AccentColor;
				CODE_SIGN_STYLE = Automatic;
				CURRENT_PROJECT_VERSION = 1;
				GENERATE_INFOPLIST_FILE = YES;
				INFOPLIST_FILE = MitchellAntoine_DankTank/Info.plist;
				INFOPLIST_KEY_UIApplicationSupportsIndirectInputEvents = YES;
				INFOPLIST_KEY_UILaunchStoryboardName = LaunchScreen;
				INFOPLIST_KEY_UIMainStoryboardFile = Main;
				INFOPLIST_KEY_UISupportedInterfaceOrientations_iPad = "UIInterfaceOrientationPortrait UIInterfaceOrientationPortraitUpsideDown UIInterfaceOrientationLandscapeLeft UIInterfaceOrientationLandscapeRight";
				INFOPLIST_KEY_UISupportedInterfaceOrientations_iPhone = "UIInterfaceOrientationPortrait UIInterfaceOrientationLandscapeLeft UIInterfaceOrientationLandscapeRight";
				LD_RUNPATH_SEARCH_PATHS = (
					"$(inherited)",
					"@executable_path/Frameworks",
				);
				MARKETING_VERSION = 1.0;
				PRODUCT_BUNDLE_IDENTIFIER = "com.fullsail.MitchellAntoine-DankTank";
				PRODUCT_NAME = "$(TARGET_NAME)";
				SWIFT_EMIT_LOC_STRINGS = YES;
				SWIFT_VERSION = 5.0;
				TARGETED_DEVICE_FAMILY = "1,2";
			};
			name = Debug;
		};
		645C0A3F2807763500405842 /* Release */ = {
			isa = XCBuildConfiguration;
			buildSettings = {
				ASSETCATALOG_COMPILER_APPICON_NAME = AppIcon;
				ASSETCATALOG_COMPILER_GLOBAL_ACCENT_COLOR_NAME = AccentColor;
				CODE_SIGN_STYLE = Automatic;
				CURRENT_PROJECT_VERSION = 1;
				GENERATE_INFOPLIST_FILE = YES;
				INFOPLIST_FILE = MitchellAntoine_DankTank/Info.plist;
				INFOPLIST_KEY_UIApplicationSupportsIndirectInputEvents = YES;
				INFOPLIST_KEY_UILaunchStoryboardName = LaunchScreen;
				INFOPLIST_KEY_UIMainStoryboardFile = Main;
				INFOPLIST_KEY_UISupportedInterfaceOrientations_iPad = "UIInterfaceOrientationPortrait UIInterfaceOrientationPortraitUpsideDown UIInterfaceOrientationLandscapeLeft UIInterfaceOrientationLandscapeRight";
				INFOPLIST_KEY_UISupportedInterfaceOrientations_iPhone = "UIInterfaceOrientationPortrait UIInterfaceOrientationLandscapeLeft UIInterfaceOrientationLandscapeRight";
				LD_RUNPATH_SEARCH_PATHS = (
					"$(inherited)",
					"@executable_path/Frameworks",
				);
				MARKETING_VERSION = 1.0;
				PRODUCT_BUNDLE_IDENTIFIER = "com.fullsail.MitchellAntoine-DankTank";
				PRODUCT_NAME = "$(TARGET_NAME)";
				SWIFT_EMIT_LOC_STRINGS = YES;
				SWIFT_VERSION = 5.0;
				TARGETED_DEVICE_FAMILY = "1,2";
			};
			name = Release;
		};
/* End XCBuildConfiguration section */

/* Begin XCConfigurationList section */
		645C0A242807762D00405842 /* Build configuration list for PBXProject "MitchellAntoine_DankTank" */ = {
			isa = XCConfigurationList;
			buildConfigurations = (
				645C0A3B2807763500405842 /* Debug */,
				645C0A3C2807763500405842 /* Release */,
			);
			defaultConfigurationIsVisible = 0;
			defaultConfigurationName = Release;
		};
		645C0A3D2807763500405842 /* Build configuration list for PBXNativeTarget "MitchellAntoine_DankTank" */ = {
			isa = XCConfigurationList;
			buildConfigurations = (
				645C0A3E2807763500405842 /* Debug */,
				645C0A3F2807763500405842 /* Release */,
			);
			defaultConfigurationIsVisible = 0;
			defaultConfigurationName = Release;
		};
/* End XCConfigurationList section */

/* Begin XCRemoteSwiftPackageReference section */
		64B4BC182813A82600432EC6 /* XCRemoteSwiftPackageReference "firebase-ios-sdk" */ = {
			isa = XCRemoteSwiftPackageReference;
			repositoryURL = "https://github.com/firebase/firebase-ios-sdk";
			requirement = {
				kind = upToNextMajorVersion;
				minimumVersion = 8.0.0;
			};
		};
/* End XCRemoteSwiftPackageReference section */

/* Begin XCSwiftPackageProductDependency section */
		64B4BC192813A82600432EC6 /* FirebaseAuth */ = {
			isa = XCSwiftPackageProductDependency;
			package = 64B4BC182813A82600432EC6 /* XCRemoteSwiftPackageReference "firebase-ios-sdk" */;
			productName = FirebaseAuth;
		};
		64B4BC1B2813A82600432EC6 /* FirebaseStorage */ = {
			isa = XCSwiftPackageProductDependency;
			package = 64B4BC182813A82600432EC6 /* XCRemoteSwiftPackageReference "firebase-ios-sdk" */;
			productName = FirebaseStorage;
		};
/* End XCSwiftPackageProductDependency section */
	};
	rootObject = 645C0A212807762D00405842 /* Project object */;
}
